// !$*UTF8*$!
{
	archiveVersion = 1;
	classes = {
	};
	objectVersion = 46;
	objects = {

/* Begin PBXBuildFile section */
		EB16DA751E03472900CB7883 /* LICENSE in Resources */ = {isa = PBXBuildFile; fileRef = EB16DA741E03472900CB7883 /* LICENSE */; };
		EB1AE14C1DFC586E00D3BE26 /* AppDelegate.swift in Sources */ = {isa = PBXBuildFile; fileRef = EB1AE1441DFC586E00D3BE26 /* AppDelegate.swift */; };
		EB1AE14F1DFC586E00D3BE26 /* EventMonitor.swift in Sources */ = {isa = PBXBuildFile; fileRef = EB1AE1471DFC586E00D3BE26 /* EventMonitor.swift */; };
		EB1AE15E1DFC59D100D3BE26 /* MainMenu.xib in Resources */ = {isa = PBXBuildFile; fileRef = EB1AE15C1DFC59D100D3BE26 /* MainMenu.xib */; };
		EB27926A1DFDC07D00B92AFE /* README.md in Resources */ = {isa = PBXBuildFile; fileRef = EB2792691DFDC07D00B92AFE /* README.md */; };
		EB2959AC1E04F19B00F7B045 /* ApiKeys.plist in Resources */ = {isa = PBXBuildFile; fileRef = EBDFA9131E04ED1600C28385 /* ApiKeys.plist */; };
		EBDFA90B1E04ECF700C28385 /* PastebinAPI.swift in Sources */ = {isa = PBXBuildFile; fileRef = EBDFA9091E04ECF700C28385 /* PastebinAPI.swift */; };
		EBDFA90C1E04ECF700C28385 /* Reachability.swift in Sources */ = {isa = PBXBuildFile; fileRef = EBDFA90A1E04ECF700C28385 /* Reachability.swift */; };
		EBDFA9101E04ED0A00C28385 /* NotesTextViewController.swift in Sources */ = {isa = PBXBuildFile; fileRef = EBDFA90D1E04ED0A00C28385 /* NotesTextViewController.swift */; };
		EBDFA9111E04ED0A00C28385 /* NotesViewController.swift in Sources */ = {isa = PBXBuildFile; fileRef = EBDFA90E1E04ED0A00C28385 /* NotesViewController.swift */; };
		EBDFA9121E04ED0A00C28385 /* NotesViewController.xib in Resources */ = {isa = PBXBuildFile; fileRef = EBDFA90F1E04ED0A00C28385 /* NotesViewController.xib */; };
		EBDFA9181E04ED1600C28385 /* Assets.xcassets in Resources */ = {isa = PBXBuildFile; fileRef = EBDFA9141E04ED1600C28385 /* Assets.xcassets */; };
		EBDFA9191E04ED1600C28385 /* Funk.aiff in Resources */ = {isa = PBXBuildFile; fileRef = EBDFA9151E04ED1600C28385 /* Funk.aiff */; };
/* End PBXBuildFile section */

/* Begin PBXFileReference section */
		EB16DA741E03472900CB7883 /* LICENSE */ = {isa = PBXFileReference; fileEncoding = 4; lastKnownFileType = text; path = LICENSE; sourceTree = "<group>"; };
		EB1AE1441DFC586E00D3BE26 /* AppDelegate.swift */ = {isa = PBXFileReference; fileEncoding = 4; lastKnownFileType = sourcecode.swift; name = AppDelegate.swift; path = Quickeys/AppDelegate.swift; sourceTree = SOURCE_ROOT; };
		EB1AE1471DFC586E00D3BE26 /* EventMonitor.swift */ = {isa = PBXFileReference; fileEncoding = 4; lastKnownFileType = sourcecode.swift; name = EventMonitor.swift; path = Quickeys/EventMonitor.swift; sourceTree = SOURCE_ROOT; };
		EB1AE15D1DFC59D100D3BE26 /* Base */ = {isa = PBXFileReference; lastKnownFileType = file.xib; name = Base; path = Quickeys/Base.lproj/MainMenu.xib; sourceTree = SOURCE_ROOT; };
		EB2792691DFDC07D00B92AFE /* README.md */ = {isa = PBXFileReference; fileEncoding = 4; lastKnownFileType = net.daringfireball.markdown; path = README.md; sourceTree = "<group>"; };
		EB66DA651DF497B30009DEE2 /* Quickeys.app */ = {isa = PBXFileReference; explicitFileType = wrapper.application; includeInIndex = 0; path = Quickeys.app; sourceTree = BUILT_PRODUCTS_DIR; };
		EBDFA9091E04ECF700C28385 /* PastebinAPI.swift */ = {isa = PBXFileReference; fileEncoding = 4; lastKnownFileType = sourcecode.swift; name = PastebinAPI.swift; path = Quickeys/Pastebin/PastebinAPI.swift; sourceTree = SOURCE_ROOT; };
		EBDFA90A1E04ECF700C28385 /* Reachability.swift */ = {isa = PBXFileReference; fileEncoding = 4; lastKnownFileType = sourcecode.swift; name = Reachability.swift; path = Quickeys/Pastebin/Reachability.swift; sourceTree = SOURCE_ROOT; };
		EBDFA90D1E04ED0A00C28385 /* NotesTextViewController.swift */ = {isa = PBXFileReference; fileEncoding = 4; lastKnownFileType = sourcecode.swift; name = NotesTextViewController.swift; path = "Quickeys/Notes Views and Controllers/NotesTextViewController.swift"; sourceTree = SOURCE_ROOT; };
		EBDFA90E1E04ED0A00C28385 /* NotesViewController.swift */ = {isa = PBXFileReference; fileEncoding = 4; lastKnownFileType = sourcecode.swift; name = NotesViewController.swift; path = "Quickeys/Notes Views and Controllers/NotesViewController.swift"; sourceTree = SOURCE_ROOT; };
		EBDFA90F1E04ED0A00C28385 /* NotesViewController.xib */ = {isa = PBXFileReference; fileEncoding = 4; lastKnownFileType = file.xib; name = NotesViewController.xib; path = "Quickeys/Notes Views and Controllers/NotesViewController.xib"; sourceTree = SOURCE_ROOT; };
		EBDFA9131E04ED1600C28385 /* ApiKeys.plist */ = {isa = PBXFileReference; fileEncoding = 4; lastKnownFileType = text.plist.xml; name = ApiKeys.plist; path = Quickeys/Resources/ApiKeys.plist; sourceTree = SOURCE_ROOT; };
		EBDFA9141E04ED1600C28385 /* Assets.xcassets */ = {isa = PBXFileReference; lastKnownFileType = folder.assetcatalog; name = Assets.xcassets; path = Quickeys/Resources/Assets.xcassets; sourceTree = SOURCE_ROOT; };
		EBDFA9151E04ED1600C28385 /* Funk.aiff */ = {isa = PBXFileReference; lastKnownFileType = audio.aiff; name = Funk.aiff; path = Quickeys/Resources/Funk.aiff; sourceTree = SOURCE_ROOT; };
		EBDFA9161E04ED1600C28385 /* Info.plist */ = {isa = PBXFileReference; fileEncoding = 4; lastKnownFileType = text.plist.xml; name = Info.plist; path = Quickeys/Resources/Info.plist; sourceTree = SOURCE_ROOT; };
/* End PBXFileReference section */

/* Begin PBXFrameworksBuildPhase section */
		EB66DA621DF497B30009DEE2 /* Frameworks */ = {
			isa = PBXFrameworksBuildPhase;
			buildActionMask = 2147483647;
			files = (
			);
			runOnlyForDeploymentPostprocessing = 0;
		};
/* End PBXFrameworksBuildPhase section */

/* Begin PBXGroup section */
		EB16DA761E03474500CB7883 /* Notes Views and Controllers */ = {
			isa = PBXGroup;
			children = (
				EBDFA90D1E04ED0A00C28385 /* NotesTextViewController.swift */,
				EBDFA90E1E04ED0A00C28385 /* NotesViewController.swift */,
				EBDFA90F1E04ED0A00C28385 /* NotesViewController.xib */,
			);
			name = "Notes Views and Controllers";
			sourceTree = "<group>";
		};
		EB16DA771E03488A00CB7883 /* Resources */ = {
			isa = PBXGroup;
			children = (
				EBDFA9131E04ED1600C28385 /* ApiKeys.plist */,
				EBDFA9141E04ED1600C28385 /* Assets.xcassets */,
				EBDFA9151E04ED1600C28385 /* Funk.aiff */,
				EBDFA9161E04ED1600C28385 /* Info.plist */,
			);
			name = Resources;
			sourceTree = "<group>";
		};
		EB66DA5C1DF497B30009DEE2 = {
			isa = PBXGroup;
			children = (
				EB2792691DFDC07D00B92AFE /* README.md */,
				EB16DA741E03472900CB7883 /* LICENSE */,
				EB66DA671DF497B30009DEE2 /* Quickeys */,
				EB66DA661DF497B30009DEE2 /* Products */,
			);
			sourceTree = "<group>";
		};
		EB66DA661DF497B30009DEE2 /* Products */ = {
			isa = PBXGroup;
			children = (
				EB66DA651DF497B30009DEE2 /* Quickeys.app */,
			);
			name = Products;
			sourceTree = "<group>";
		};
		EB66DA671DF497B30009DEE2 /* Quickeys */ = {
			isa = PBXGroup;
			children = (
				EB1AE15C1DFC59D100D3BE26 /* MainMenu.xib */,
				EB1AE1441DFC586E00D3BE26 /* AppDelegate.swift */,
				EB1AE1471DFC586E00D3BE26 /* EventMonitor.swift */,
				EBDFA8FA1E04DAF900C28385 /* Pastebin */,
				EB16DA761E03474500CB7883 /* Notes Views and Controllers */,
				EB16DA771E03488A00CB7883 /* Resources */,
			);
			name = Quickeys;
			path = Quotes;
			sourceTree = "<group>";
		};
		EBDFA8FA1E04DAF900C28385 /* Pastebin */ = {
			isa = PBXGroup;
			children = (
				EBDFA9091E04ECF700C28385 /* PastebinAPI.swift */,
				EBDFA90A1E04ECF700C28385 /* Reachability.swift */,
			);
			name = Pastebin;
			sourceTree = "<group>";
		};
/* End PBXGroup section */

/* Begin PBXNativeTarget section */
		EB66DA641DF497B30009DEE2 /* Quickeys */ = {
			isa = PBXNativeTarget;
			buildConfigurationList = EB66DA881DF497B40009DEE2 /* Build configuration list for PBXNativeTarget "Quickeys" */;
			buildPhases = (
				EB66DA611DF497B30009DEE2 /* Sources */,
				EB66DA621DF497B30009DEE2 /* Frameworks */,
				EB66DA631DF497B30009DEE2 /* Resources */,
			);
			buildRules = (
			);
			dependencies = (
			);
			name = Quickeys;
			productName = Quotes;
			productReference = EB66DA651DF497B30009DEE2 /* Quickeys.app */;
			productType = "com.apple.product-type.application";
		};
/* End PBXNativeTarget section */

/* Begin PBXProject section */
		EB66DA5D1DF497B30009DEE2 /* Project object */ = {
			isa = PBXProject;
			attributes = {
				LastSwiftUpdateCheck = 0810;
				LastUpgradeCheck = 0820;
				ORGANIZATIONNAME = "Alex Rosenfeld";
				TargetAttributes = {
					EB66DA641DF497B30009DEE2 = {
						CreatedOnToolsVersion = 8.1;
						ProvisioningStyle = Automatic;
					};
				};
			};
			buildConfigurationList = EB66DA601DF497B30009DEE2 /* Build configuration list for PBXProject "Quickeys" */;
			compatibilityVersion = "Xcode 3.2";
			developmentRegion = English;
			hasScannedForEncodings = 0;
			knownRegions = (
				en,
				Base,
			);
			mainGroup = EB66DA5C1DF497B30009DEE2;
			productRefGroup = EB66DA661DF497B30009DEE2 /* Products */;
			projectDirPath = "";
			projectRoot = "";
			targets = (
				EB66DA641DF497B30009DEE2 /* Quickeys */,
			);
		};
/* End PBXProject section */

/* Begin PBXResourcesBuildPhase section */
		EB66DA631DF497B30009DEE2 /* Resources */ = {
			isa = PBXResourcesBuildPhase;
			buildActionMask = 2147483647;
			files = (
				EB2959AC1E04F19B00F7B045 /* ApiKeys.plist in Resources */,
				EB1AE15E1DFC59D100D3BE26 /* MainMenu.xib in Resources */,
				EBDFA9181E04ED1600C28385 /* Assets.xcassets in Resources */,
				EBDFA9121E04ED0A00C28385 /* NotesViewController.xib in Resources */,
				EBDFA9191E04ED1600C28385 /* Funk.aiff in Resources */,
				EB27926A1DFDC07D00B92AFE /* README.md in Resources */,
				EB16DA751E03472900CB7883 /* LICENSE in Resources */,
			);
			runOnlyForDeploymentPostprocessing = 0;
		};
/* End PBXResourcesBuildPhase section */

/* Begin PBXSourcesBuildPhase section */
		EB66DA611DF497B30009DEE2 /* Sources */ = {
			isa = PBXSourcesBuildPhase;
			buildActionMask = 2147483647;
			files = (
				EBDFA9101E04ED0A00C28385 /* NotesTextViewController.swift in Sources */,
				EBDFA9111E04ED0A00C28385 /* NotesViewController.swift in Sources */,
				EBDFA90B1E04ECF700C28385 /* PastebinAPI.swift in Sources */,
				EB1AE14F1DFC586E00D3BE26 /* EventMonitor.swift in Sources */,
				EBDFA90C1E04ECF700C28385 /* Reachability.swift in Sources */,
				EB1AE14C1DFC586E00D3BE26 /* AppDelegate.swift in Sources */,
			);
			runOnlyForDeploymentPostprocessing = 0;
		};
/* End PBXSourcesBuildPhase section */

/* Begin PBXVariantGroup section */
		EB1AE15C1DFC59D100D3BE26 /* MainMenu.xib */ = {
			isa = PBXVariantGroup;
			children = (
				EB1AE15D1DFC59D100D3BE26 /* Base */,
			);
			name = MainMenu.xib;
			sourceTree = "<group>";
		};
/* End PBXVariantGroup section */

/* Begin XCBuildConfiguration section */
		EB66DA861DF497B40009DEE2 /* Debug */ = {
			isa = XCBuildConfiguration;
			buildSettings = {
				ALWAYS_SEARCH_USER_PATHS = NO;
				CLANG_ANALYZER_NONNULL = YES;
				CLANG_CXX_LANGUAGE_STANDARD = "gnu++0x";
				CLANG_CXX_LIBRARY = "libc++";
				CLANG_ENABLE_MODULES = YES;
				CLANG_ENABLE_OBJC_ARC = YES;
				CLANG_WARN_BOOL_CONVERSION = YES;
				CLANG_WARN_CONSTANT_CONVERSION = YES;
				CLANG_WARN_DIRECT_OBJC_ISA_USAGE = YES_ERROR;
				CLANG_WARN_DOCUMENTATION_COMMENTS = YES;
				CLANG_WARN_EMPTY_BODY = YES;
				CLANG_WARN_ENUM_CONVERSION = YES;
				CLANG_WARN_INFINITE_RECURSION = YES;
				CLANG_WARN_INT_CONVERSION = YES;
				CLANG_WARN_OBJC_ROOT_CLASS = YES_ERROR;
				CLANG_WARN_SUSPICIOUS_MOVE = YES;
				CLANG_WARN_SUSPICIOUS_MOVES = YES;
				CLANG_WARN_UNREACHABLE_CODE = YES;
				CLANG_WARN__DUPLICATE_METHOD_MATCH = YES;
				CODE_SIGN_IDENTITY = "-";
				COPY_PHASE_STRIP = NO;
				DEBUG_INFORMATION_FORMAT = dwarf;
				ENABLE_STRICT_OBJC_MSGSEND = YES;
				ENABLE_TESTABILITY = YES;
				FRAMEWORK_SEARCH_PATHS = "";
				GCC_C_LANGUAGE_STANDARD = gnu99;
				GCC_DYNAMIC_NO_PIC = NO;
				GCC_NO_COMMON_BLOCKS = YES;
				GCC_OPTIMIZATION_LEVEL = 0;
				GCC_PREPROCESSOR_DEFINITIONS = (
					"DEBUG=1",
					"$(inherited)",
				);
				GCC_WARN_64_TO_32_BIT_CONVERSION = YES;
				GCC_WARN_ABOUT_RETURN_TYPE = YES_ERROR;
				GCC_WARN_UNDECLARED_SELECTOR = YES;
				GCC_WARN_UNINITIALIZED_AUTOS = YES_AGGRESSIVE;
				GCC_WARN_UNUSED_FUNCTION = YES;
				GCC_WARN_UNUSED_VARIABLE = YES;
				MACOSX_DEPLOYMENT_TARGET = 10.12;
				MTL_ENABLE_DEBUG_INFO = YES;
				ONLY_ACTIVE_ARCH = YES;
				SDKROOT = macosx;
				SWIFT_ACTIVE_COMPILATION_CONDITIONS = DEBUG;
				SWIFT_OPTIMIZATION_LEVEL = "-Onone";
			};
			name = Debug;
		};
		EB66DA871DF497B40009DEE2 /* Release */ = {
			isa = XCBuildConfiguration;
			buildSettings = {
				ALWAYS_SEARCH_USER_PATHS = NO;
				CLANG_ANALYZER_NONNULL = YES;
				CLANG_CXX_LANGUAGE_STANDARD = "gnu++0x";
				CLANG_CXX_LIBRARY = "libc++";
				CLANG_ENABLE_MODULES = YES;
				CLANG_ENABLE_OBJC_ARC = YES;
				CLANG_WARN_BOOL_CONVERSION = YES;
				CLANG_WARN_CONSTANT_CONVERSION = YES;
				CLANG_WARN_DIRECT_OBJC_ISA_USAGE = YES_ERROR;
				CLANG_WARN_DOCUMENTATION_COMMENTS = YES;
				CLANG_WARN_EMPTY_BODY = YES;
				CLANG_WARN_ENUM_CONVERSION = YES;
				CLANG_WARN_INFINITE_RECURSION = YES;
				CLANG_WARN_INT_CONVERSION = YES;
				CLANG_WARN_OBJC_ROOT_CLASS = YES_ERROR;
				CLANG_WARN_SUSPICIOUS_MOVE = YES;
				CLANG_WARN_SUSPICIOUS_MOVES = YES;
				CLANG_WARN_UNREACHABLE_CODE = YES;
				CLANG_WARN__DUPLICATE_METHOD_MATCH = YES;
				CODE_SIGN_IDENTITY = "-";
				COPY_PHASE_STRIP = NO;
				DEBUG_INFORMATION_FORMAT = "dwarf-with-dsym";
				ENABLE_NS_ASSERTIONS = NO;
				ENABLE_STRICT_OBJC_MSGSEND = YES;
				FRAMEWORK_SEARCH_PATHS = "";
				GCC_C_LANGUAGE_STANDARD = gnu99;
				GCC_NO_COMMON_BLOCKS = YES;
				GCC_WARN_64_TO_32_BIT_CONVERSION = YES;
				GCC_WARN_ABOUT_RETURN_TYPE = YES_ERROR;
				GCC_WARN_UNDECLARED_SELECTOR = YES;
				GCC_WARN_UNINITIALIZED_AUTOS = YES_AGGRESSIVE;
				GCC_WARN_UNUSED_FUNCTION = YES;
				GCC_WARN_UNUSED_VARIABLE = YES;
				MACOSX_DEPLOYMENT_TARGET = 10.12;
				MTL_ENABLE_DEBUG_INFO = NO;
				SDKROOT = macosx;
				SWIFT_OPTIMIZATION_LEVEL = "-Owholemodule";
			};
			name = Release;
		};
		EB66DA891DF497B40009DEE2 /* Debug */ = {
			isa = XCBuildConfiguration;
			buildSettings = {
				ASSETCATALOG_COMPILER_APPICON_NAME = AppIcon;
				COMBINE_HIDPI_IMAGES = YES;
				INFOPLIST_FILE = "$(SRCROOT)/Quickeys/Resources/Info.plist";
				LD_RUNPATH_SEARCH_PATHS = "$(inherited) @executable_path/../Frameworks";
				MACOSX_DEPLOYMENT_TARGET = 10.11;
				PRODUCT_BUNDLE_IDENTIFIER = alexrosenfeld.Quickeys;
				PRODUCT_NAME = "$(TARGET_NAME)";
				SWIFT_VERSION = 3.0;
			};
			name = Debug;
		};
		EB66DA8A1DF497B40009DEE2 /* Release */ = {
			isa = XCBuildConfiguration;
			buildSettings = {
				ASSETCATALOG_COMPILER_APPICON_NAME = AppIcon;
				COMBINE_HIDPI_IMAGES = YES;
				INFOPLIST_FILE = "$(SRCROOT)/Quickeys/Resources/Info.plist";
				LD_RUNPATH_SEARCH_PATHS = "$(inherited) @executable_path/../Frameworks";
				MACOSX_DEPLOYMENT_TARGET = 10.11;
				PRODUCT_BUNDLE_IDENTIFIER = alexrosenfeld.Quickeys;
				PRODUCT_NAME = "$(TARGET_NAME)";
				SWIFT_VERSION = 3.0;
			};
			name = Release;
		};
/* End XCBuildConfiguration section */

/* Begin XCConfigurationList section */
		EB66DA601DF497B30009DEE2 /* Build configuration list for PBXProject "Quickeys" */ = {
			isa = XCConfigurationList;
			buildConfigurations = (
				EB66DA861DF497B40009DEE2 /* Debug */,
				EB66DA871DF497B40009DEE2 /* Release */,
			);
			defaultConfigurationIsVisible = 0;
			defaultConfigurationName = Release;
		};
		EB66DA881DF497B40009DEE2 /* Build configuration list for PBXNativeTarget "Quickeys" */ = {
			isa = XCConfigurationList;
			buildConfigurations = (
				EB66DA891DF497B40009DEE2 /* Debug */,
				EB66DA8A1DF497B40009DEE2 /* Release */,
			);
			defaultConfigurationIsVisible = 0;
			defaultConfigurationName = Release;
		};
/* End XCConfigurationList section */
	};
	rootObject = EB66DA5D1DF497B30009DEE2 /* Project object */;
}
